// !$*UTF8*$!
{
	archiveVersion = 1;
	classes = {
	};
	objectVersion = 54;
	objects = {

/* Begin PBXBuildFile section */
		6A3DA18D43762B98592938B3 /* Pods_UserInfo.framework in Frameworks */ = {isa = PBXBuildFile; fileRef = B53E194DA4F3495619C294E7 /* Pods_UserInfo.framework */; };
		82EF8C0C251AE85000C86AE5 /* AppDelegate.swift in Sources */ = {isa = PBXBuildFile; fileRef = 82EF8C0B251AE85000C86AE5 /* AppDelegate.swift */; };
		82EF8C0E251AE85000C86AE5 /* SceneDelegate.swift in Sources */ = {isa = PBXBuildFile; fileRef = 82EF8C0D251AE85000C86AE5 /* SceneDelegate.swift */; };
		82EF8C10251AE85000C86AE5 /* ViewController.swift in Sources */ = {isa = PBXBuildFile; fileRef = 82EF8C0F251AE85000C86AE5 /* ViewController.swift */; };
		82EF8C13251AE85100C86AE5 /* Main.storyboard in Resources */ = {isa = PBXBuildFile; fileRef = 82EF8C11251AE85100C86AE5 /* Main.storyboard */; };
		82EF8C15251AE85300C86AE5 /* Assets.xcassets in Resources */ = {isa = PBXBuildFile; fileRef = 82EF8C14251AE85300C86AE5 /* Assets.xcassets */; };
		82EF8C18251AE85300C86AE5 /* LaunchScreen.storyboard in Resources */ = {isa = PBXBuildFile; fileRef = 82EF8C16251AE85300C86AE5 /* LaunchScreen.storyboard */; };
		82EF8C22251AEBF900C86AE5 /* UIViewHelper.swift in Sources */ = {isa = PBXBuildFile; fileRef = 82EF8C21251AEBF900C86AE5 /* UIViewHelper.swift */; };
		9393EED8252AD80500B734D4 /* GoogleService-Info.plist in Resources */ = {isa = PBXBuildFile; fileRef = 9393EED7252AD80500B734D4 /* GoogleService-Info.plist */; };
		93C5E7F5251E572A00A3C4AA /* CreatedCell.swift in Sources */ = {isa = PBXBuildFile; fileRef = 93C5E7F4251E572A00A3C4AA /* CreatedCell.swift */; };
		93C5E7F8251E65B300A3C4AA /* JoinedCell.swift in Sources */ = {isa = PBXBuildFile; fileRef = 93C5E7F7251E65B300A3C4AA /* JoinedCell.swift */; };
/* End PBXBuildFile section */

/* Begin PBXFileReference section */
		3506CB9DA327857FF133A8B2 /* Pods-UserInfo.debug.xcconfig */ = {isa = PBXFileReference; includeInIndex = 1; lastKnownFileType = text.xcconfig; name = "Pods-UserInfo.debug.xcconfig"; path = "Target Support Files/Pods-UserInfo/Pods-UserInfo.debug.xcconfig"; sourceTree = "<group>"; };
		82EF8C08251AE85000C86AE5 /* UserInfo.app */ = {isa = PBXFileReference; explicitFileType = wrapper.application; includeInIndex = 0; path = UserInfo.app; sourceTree = BUILT_PRODUCTS_DIR; };
		82EF8C0B251AE85000C86AE5 /* AppDelegate.swift */ = {isa = PBXFileReference; lastKnownFileType = sourcecode.swift; path = AppDelegate.swift; sourceTree = "<group>"; };
		82EF8C0D251AE85000C86AE5 /* SceneDelegate.swift */ = {isa = PBXFileReference; lastKnownFileType = sourcecode.swift; path = SceneDelegate.swift; sourceTree = "<group>"; };
		82EF8C0F251AE85000C86AE5 /* ViewController.swift */ = {isa = PBXFileReference; lastKnownFileType = sourcecode.swift; path = ViewController.swift; sourceTree = "<group>"; };
		82EF8C12251AE85100C86AE5 /* Base */ = {isa = PBXFileReference; lastKnownFileType = file.storyboard; name = Base; path = Base.lproj/Main.storyboard; sourceTree = "<group>"; };
		82EF8C14251AE85300C86AE5 /* Assets.xcassets */ = {isa = PBXFileReference; lastKnownFileType = folder.assetcatalog; path = Assets.xcassets; sourceTree = "<group>"; };
		82EF8C17251AE85300C86AE5 /* Base */ = {isa = PBXFileReference; lastKnownFileType = file.storyboard; name = Base; path = Base.lproj/LaunchScreen.storyboard; sourceTree = "<group>"; };
		82EF8C19251AE85300C86AE5 /* Info.plist */ = {isa = PBXFileReference; lastKnownFileType = text.plist.xml; path = Info.plist; sourceTree = "<group>"; };
		82EF8C21251AEBF900C86AE5 /* UIViewHelper.swift */ = {isa = PBXFileReference; lastKnownFileType = sourcecode.swift; path = UIViewHelper.swift; sourceTree = "<group>"; };
		858D6EA2B67B8BC880E4E0F2 /* Pods-UserInfo.release.xcconfig */ = {isa = PBXFileReference; includeInIndex = 1; lastKnownFileType = text.xcconfig; name = "Pods-UserInfo.release.xcconfig"; path = "Target Support Files/Pods-UserInfo/Pods-UserInfo.release.xcconfig"; sourceTree = "<group>"; };
		9393EED7252AD80500B734D4 /* GoogleService-Info.plist */ = {isa = PBXFileReference; fileEncoding = 4; lastKnownFileType = text.plist.xml; name = "GoogleService-Info.plist"; path = "../../../../../Desktop/GoogleService-Info.plist"; sourceTree = "<group>"; };
		93C5E7F4251E572A00A3C4AA /* CreatedCell.swift */ = {isa = PBXFileReference; lastKnownFileType = sourcecode.swift; path = CreatedCell.swift; sourceTree = "<group>"; };
		93C5E7F7251E65B300A3C4AA /* JoinedCell.swift */ = {isa = PBXFileReference; lastKnownFileType = sourcecode.swift; path = JoinedCell.swift; sourceTree = "<group>"; };
		B53E194DA4F3495619C294E7 /* Pods_UserInfo.framework */ = {isa = PBXFileReference; explicitFileType = wrapper.framework; includeInIndex = 0; path = Pods_UserInfo.framework; sourceTree = BUILT_PRODUCTS_DIR; };
/* End PBXFileReference section */

/* Begin PBXFrameworksBuildPhase section */
		82EF8C05251AE85000C86AE5 /* Frameworks */ = {
			isa = PBXFrameworksBuildPhase;
			buildActionMask = 2147483647;
			files = (
				6A3DA18D43762B98592938B3 /* Pods_UserInfo.framework in Frameworks */,
			);
			runOnlyForDeploymentPostprocessing = 0;
		};
/* End PBXFrameworksBuildPhase section */

/* Begin PBXGroup section */
		10B9F4E91412E0B356FDBA90 /* Pods */ = {
			isa = PBXGroup;
			children = (
				3506CB9DA327857FF133A8B2 /* Pods-UserInfo.debug.xcconfig */,
				858D6EA2B67B8BC880E4E0F2 /* Pods-UserInfo.release.xcconfig */,
			);
			path = Pods;
			sourceTree = "<group>";
		};
		82EF8BFF251AE85000C86AE5 = {
			isa = PBXGroup;
			children = (
				82EF8C0A251AE85000C86AE5 /* UserInfo */,
				82EF8C09251AE85000C86AE5 /* Products */,
				10B9F4E91412E0B356FDBA90 /* Pods */,
				E61AAD9A08C25E5EE95F6CFE /* Frameworks */,
			);
			sourceTree = "<group>";
		};
		82EF8C09251AE85000C86AE5 /* Products */ = {
			isa = PBXGroup;
			children = (
				82EF8C08251AE85000C86AE5 /* UserInfo.app */,
			);
			name = Products;
			sourceTree = "<group>";
		};
		82EF8C0A251AE85000C86AE5 /* UserInfo */ = {
			isa = PBXGroup;
			children = (
				9393EED7252AD80500B734D4 /* GoogleService-Info.plist */,
				82EF8C0B251AE85000C86AE5 /* AppDelegate.swift */,
				82EF8C0D251AE85000C86AE5 /* SceneDelegate.swift */,
				82EF8C0F251AE85000C86AE5 /* ViewController.swift */,
				82EF8C11251AE85100C86AE5 /* Main.storyboard */,
				93C5E7F4251E572A00A3C4AA /* CreatedCell.swift */,
				93C5E7F7251E65B300A3C4AA /* JoinedCell.swift */,
				82EF8C14251AE85300C86AE5 /* Assets.xcassets */,
				82EF8C16251AE85300C86AE5 /* LaunchScreen.storyboard */,
				82EF8C19251AE85300C86AE5 /* Info.plist */,
				82EF8C21251AEBF900C86AE5 /* UIViewHelper.swift */,
			);
			path = UserInfo;
			sourceTree = "<group>";
		};
		E61AAD9A08C25E5EE95F6CFE /* Frameworks */ = {
			isa = PBXGroup;
			children = (
				B53E194DA4F3495619C294E7 /* Pods_UserInfo.framework */,
			);
			name = Frameworks;
			sourceTree = "<group>";
		};
/* End PBXGroup section */

/* Begin PBXNativeTarget section */
		82EF8C07251AE85000C86AE5 /* UserInfo */ = {
			isa = PBXNativeTarget;
			buildConfigurationList = 82EF8C1C251AE85300C86AE5 /* Build configuration list for PBXNativeTarget "UserInfo" */;
			buildPhases = (
				D69FCACC9572243DCB26A9B0 /* [CP] Check Pods Manifest.lock */,
				82EF8C04251AE85000C86AE5 /* Sources */,
				82EF8C05251AE85000C86AE5 /* Frameworks */,
				82EF8C06251AE85000C86AE5 /* Resources */,
				FBA5F3A20DA856B96B05CA46 /* [CP] Embed Pods Frameworks */,
			);
			buildRules = (
			);
			dependencies = (
			);
			name = UserInfo;
			productName = UserInfo;
			productReference = 82EF8C08251AE85000C86AE5 /* UserInfo.app */;
			productType = "com.apple.product-type.application";
		};
/* End PBXNativeTarget section */

/* Begin PBXProject section */
		82EF8C00251AE85000C86AE5 /* Project object */ = {
			isa = PBXProject;
			attributes = {
				LastSwiftUpdateCheck = 1200;
				LastUpgradeCheck = 1200;
				TargetAttributes = {
					82EF8C07251AE85000C86AE5 = {
						CreatedOnToolsVersion = 12.0;
					};
				};
			};
			buildConfigurationList = 82EF8C03251AE85000C86AE5 /* Build configuration list for PBXProject "UserInfo" */;
			compatibilityVersion = "Xcode 12.0";
			developmentRegion = en;
			hasScannedForEncodings = 0;
			knownRegions = (
				en,
				Base,
			);
			mainGroup = 82EF8BFF251AE85000C86AE5;
			productRefGroup = 82EF8C09251AE85000C86AE5 /* Products */;
			projectDirPath = "";
			projectRoot = "";
			targets = (
				82EF8C07251AE85000C86AE5 /* UserInfo */,
			);
		};
/* End PBXProject section */

/* Begin PBXResourcesBuildPhase section */
		82EF8C06251AE85000C86AE5 /* Resources */ = {
			isa = PBXResourcesBuildPhase;
			buildActionMask = 2147483647;
			files = (
				82EF8C18251AE85300C86AE5 /* LaunchScreen.storyboard in Resources */,
				9393EED8252AD80500B734D4 /* GoogleService-Info.plist in Resources */,
				82EF8C15251AE85300C86AE5 /* Assets.xcassets in Resources */,
				82EF8C13251AE85100C86AE5 /* Main.storyboard in Resources */,
			);
			runOnlyForDeploymentPostprocessing = 0;
		};
/* End PBXResourcesBuildPhase section */

/* Begin PBXShellScriptBuildPhase section */
		D69FCACC9572243DCB26A9B0 /* [CP] Check Pods Manifest.lock */ = {
			isa = PBXShellScriptBuildPhase;
			buildActionMask = 2147483647;
			files = (
			);
			inputFileListPaths = (
			);
			inputPaths = (
				"${PODS_PODFILE_DIR_PATH}/Podfile.lock",
				"${PODS_ROOT}/Manifest.lock",
			);
			name = "[CP] Check Pods Manifest.lock";
			outputFileListPaths = (
			);
			outputPaths = (
				"$(DERIVED_FILE_DIR)/Pods-UserInfo-checkManifestLockResult.txt",
			);
			runOnlyForDeploymentPostprocessing = 0;
			shellPath = /bin/sh;
			shellScript = "diff \"${PODS_PODFILE_DIR_PATH}/Podfile.lock\" \"${PODS_ROOT}/Manifest.lock\" > /dev/null\nif [ $? != 0 ] ; then\n    # print error to STDERR\n    echo \"error: The sandbox is not in sync with the Podfile.lock. Run 'pod install' or update your CocoaPods installation.\" >&2\n    exit 1\nfi\n# This output is used by Xcode 'outputs' to avoid re-running this script phase.\necho \"SUCCESS\" > \"${SCRIPT_OUTPUT_FILE_0}\"\n";
			showEnvVarsInLog = 0;
		};
		FBA5F3A20DA856B96B05CA46 /* [CP] Embed Pods Frameworks */ = {
			isa = PBXShellScriptBuildPhase;
			buildActionMask = 2147483647;
			files = (
			);
			inputFileListPaths = (
				"${PODS_ROOT}/Target Support Files/Pods-UserInfo/Pods-UserInfo-frameworks-${CONFIGURATION}-input-files.xcfilelist",
			);
			name = "[CP] Embed Pods Frameworks";
			outputFileListPaths = (
				"${PODS_ROOT}/Target Support Files/Pods-UserInfo/Pods-UserInfo-frameworks-${CONFIGURATION}-output-files.xcfilelist",
			);
			runOnlyForDeploymentPostprocessing = 0;
			shellPath = /bin/sh;
			shellScript = "\"${PODS_ROOT}/Target Support Files/Pods-UserInfo/Pods-UserInfo-frameworks.sh\"\n";
			showEnvVarsInLog = 0;
		};
/* End PBXShellScriptBuildPhase section */

/* Begin PBXSourcesBuildPhase section */
		82EF8C04251AE85000C86AE5 /* Sources */ = {
			isa = PBXSourcesBuildPhase;
			buildActionMask = 2147483647;
			files = (
				82EF8C10251AE85000C86AE5 /* ViewController.swift in Sources */,
				82EF8C0C251AE85000C86AE5 /* AppDelegate.swift in Sources */,
				93C5E7F8251E65B300A3C4AA /* JoinedCell.swift in Sources */,
				93C5E7F5251E572A00A3C4AA /* CreatedCell.swift in Sources */,
				82EF8C22251AEBF900C86AE5 /* UIViewHelper.swift in Sources */,
				82EF8C0E251AE85000C86AE5 /* SceneDelegate.swift in Sources */,
			);
			runOnlyForDeploymentPostprocessing = 0;
		};
/* End PBXSourcesBuildPhase section */

/* Begin PBXVariantGroup section */
		82EF8C11251AE85100C86AE5 /* Main.storyboard */ = {
			isa = PBXVariantGroup;
			children = (
				82EF8C12251AE85100C86AE5 /* Base */,
			);
			name = Main.storyboard;
			sourceTree = "<group>";
		};
		82EF8C16251AE85300C86AE5 /* LaunchScreen.storyboard */ = {
			isa = PBXVariantGroup;
			children = (
				82EF8C17251AE85300C86AE5 /* Base */,
			);
			name = LaunchScreen.storyboard;
			sourceTree = "<group>";
		};
/* End PBXVariantGroup section */

/* Begin XCBuildConfiguration section */
		82EF8C1A251AE85300C86AE5 /* Debug */ = {
			isa = XCBuildConfiguration;
			buildSettings = {
				ALWAYS_SEARCH_USER_PATHS = NO;
				CLANG_ANALYZER_NONNULL = YES;
				CLANG_ANALYZER_NUMBER_OBJECT_CONVERSION = YES_AGGRESSIVE;
				CLANG_CXX_LANGUAGE_STANDARD = "gnu++14";
				CLANG_CXX_LIBRARY = "libc++";
				CLANG_ENABLE_MODULES = YES;
				CLANG_ENABLE_OBJC_ARC = YES;
				CLANG_ENABLE_OBJC_WEAK = YES;
				CLANG_WARN_BLOCK_CAPTURE_AUTORELEASING = YES;
				CLANG_WARN_BOOL_CONVERSION = YES;
				CLANG_WARN_COMMA = YES;
				CLANG_WARN_CONSTANT_CONVERSION = YES;
				CLANG_WARN_DEPRECATED_OBJC_IMPLEMENTATIONS = YES;
				CLANG_WARN_DIRECT_OBJC_ISA_USAGE = YES_ERROR;
				CLANG_WARN_DOCUMENTATION_COMMENTS = YES;
				CLANG_WARN_EMPTY_BODY = YES;
				CLANG_WARN_ENUM_CONVERSION = YES;
				CLANG_WARN_INFINITE_RECURSION = YES;
				CLANG_WARN_INT_CONVERSION = YES;
				CLANG_WARN_NON_LITERAL_NULL_CONVERSION = YES;
				CLANG_WARN_OBJC_IMPLICIT_RETAIN_SELF = YES;
				CLANG_WARN_OBJC_LITERAL_CONVERSION = YES;
				CLANG_WARN_OBJC_ROOT_CLASS = YES_ERROR;
				CLANG_WARN_QUOTED_INCLUDE_IN_FRAMEWORK_HEADER = YES;
				CLANG_WARN_RANGE_LOOP_ANALYSIS = YES;
				CLANG_WARN_STRICT_PROTOTYPES = YES;
				CLANG_WARN_SUSPICIOUS_MOVE = YES;
				CLANG_WARN_UNGUARDED_AVAILABILITY = YES_AGGRESSIVE;
				CLANG_WARN_UNREACHABLE_CODE = YES;
				CLANG_WARN__DUPLICATE_METHOD_MATCH = YES;
				COPY_PHASE_STRIP = NO;
				DEBUG_INFORMATION_FORMAT = dwarf;
				ENABLE_STRICT_OBJC_MSGSEND = YES;
				ENABLE_TESTABILITY = YES;
				GCC_C_LANGUAGE_STANDARD = gnu11;
				GCC_DYNAMIC_NO_PIC = NO;
				GCC_NO_COMMON_BLOCKS = YES;
				GCC_OPTIMIZATION_LEVEL = 0;
				GCC_PREPROCESSOR_DEFINITIONS = (
					"DEBUG=1",
					"$(inherited)",
				);
				GCC_WARN_64_TO_32_BIT_CONVERSION = YES;
				GCC_WARN_ABOUT_RETURN_TYPE = YES_ERROR;
				GCC_WARN_UNDECLARED_SELECTOR = YES;
				GCC_WARN_UNINITIALIZED_AUTOS = YES_AGGRESSIVE;
				GCC_WARN_UNUSED_FUNCTION = YES;
				GCC_WARN_UNUSED_VARIABLE = YES;
				IPHONEOS_DEPLOYMENT_TARGET = 14.0;
				MTL_ENABLE_DEBUG_INFO = INCLUDE_SOURCE;
				MTL_FAST_MATH = YES;
				ONLY_ACTIVE_ARCH = YES;
				SDKROOT = iphoneos;
				SWIFT_ACTIVE_COMPILATION_CONDITIONS = DEBUG;
				SWIFT_OPTIMIZATION_LEVEL = "-Onone";
			};
			name = Debug;
		};
		82EF8C1B251AE85300C86AE5 /* Release */ = {
			isa = XCBuildConfiguration;
			buildSettings = {
				ALWAYS_SEARCH_USER_PATHS = NO;
				CLANG_ANALYZER_NONNULL = YES;
				CLANG_ANALYZER_NUMBER_OBJECT_CONVERSION = YES_AGGRESSIVE;
				CLANG_CXX_LANGUAGE_STANDARD = "gnu++14";
				CLANG_CXX_LIBRARY = "libc++";
				CLANG_ENABLE_MODULES = YES;
				CLANG_ENABLE_OBJC_ARC = YES;
				CLANG_ENABLE_OBJC_WEAK = YES;
				CLANG_WARN_BLOCK_CAPTURE_AUTORELEASING = YES;
				CLANG_WARN_BOOL_CONVERSION = YES;
				CLANG_WARN_COMMA = YES;
				CLANG_WARN_CONSTANT_CONVERSION = YES;
				CLANG_WARN_DEPRECATED_OBJC_IMPLEMENTATIONS = YES;
				CLANG_WARN_DIRECT_OBJC_ISA_USAGE = YES_ERROR;
				CLANG_WARN_DOCUMENTATION_COMMENTS = YES;
				CLANG_WARN_EMPTY_BODY = YES;
				CLANG_WARN_ENUM_CONVERSION = YES;
				CLANG_WARN_INFINITE_RECURSION = YES;
				CLANG_WARN_INT_CONVERSION = YES;
				CLANG_WARN_NON_LITERAL_NULL_CONVERSION = YES;
				CLANG_WARN_OBJC_IMPLICIT_RETAIN_SELF = YES;
				CLANG_WARN_OBJC_LITERAL_CONVERSION = YES;
				CLANG_WARN_OBJC_ROOT_CLASS = YES_ERROR;
				CLANG_WARN_QUOTED_INCLUDE_IN_FRAMEWORK_HEADER = YES;
				CLANG_WARN_RANGE_LOOP_ANALYSIS = YES;
				CLANG_WARN_STRICT_PROTOTYPES = YES;
				CLANG_WARN_SUSPICIOUS_MOVE = YES;
				CLANG_WARN_UNGUARDED_AVAILABILITY = YES_AGGRESSIVE;
				CLANG_WARN_UNREACHABLE_CODE = YES;
				CLANG_WARN__DUPLICATE_METHOD_MATCH = YES;
				COPY_PHASE_STRIP = NO;
				DEBUG_INFORMATION_FORMAT = "dwarf-with-dsym";
				ENABLE_NS_ASSERTIONS = NO;
				ENABLE_STRICT_OBJC_MSGSEND = YES;
				GCC_C_LANGUAGE_STANDARD = gnu11;
				GCC_NO_COMMON_BLOCKS = YES;
				GCC_WARN_64_TO_32_BIT_CONVERSION = YES;
				GCC_WARN_ABOUT_RETURN_TYPE = YES_ERROR;
				GCC_WARN_UNDECLARED_SELECTOR = YES;
				GCC_WARN_UNINITIALIZED_AUTOS = YES_AGGRESSIVE;
				GCC_WARN_UNUSED_FUNCTION = YES;
				GCC_WARN_UNUSED_VARIABLE = YES;
				IPHONEOS_DEPLOYMENT_TARGET = 14.0;
				MTL_ENABLE_DEBUG_INFO = NO;
				MTL_FAST_MATH = YES;
				SDKROOT = iphoneos;
				SWIFT_COMPILATION_MODE = wholemodule;
				SWIFT_OPTIMIZATION_LEVEL = "-O";
				VALIDATE_PRODUCT = YES;
			};
			name = Release;
		};
		82EF8C1D251AE85300C86AE5 /* Debug */ = {
			isa = XCBuildConfiguration;
			baseConfigurationReference = 3506CB9DA327857FF133A8B2 /* Pods-UserInfo.debug.xcconfig */;
			buildSettings = {
				ASSETCATALOG_COMPILER_APPICON_NAME = AppIcon;
				ASSETCATALOG_COMPILER_GLOBAL_ACCENT_COLOR_NAME = AccentColor;
				CODE_SIGN_STYLE = Automatic;
				INFOPLIST_FILE = UserInfo/Info.plist;
				LD_RUNPATH_SEARCH_PATHS = (
					"$(inherited)",
					"@executable_path/Frameworks",
				);
				PRODUCT_BUNDLE_IDENTIFIER = com.pin.UserInfo;
				PRODUCT_NAME = "$(TARGET_NAME)";
				SWIFT_VERSION = 5.0;
				TARGETED_DEVICE_FAMILY = "1,2";
			};
			name = Debug;
		};
		82EF8C1E251AE85300C86AE5 /* Release */ = {
			isa = XCBuildConfiguration;
			baseConfigurationReference = 858D6EA2B67B8BC880E4E0F2 /* Pods-UserInfo.release.xcconfig */;
			buildSettings = {
				ASSETCATALOG_COMPILER_APPICON_NAME = AppIcon;
				ASSETCATALOG_COMPILER_GLOBAL_ACCENT_COLOR_NAME = AccentColor;
				CODE_SIGN_STYLE = Automatic;
				INFOPLIST_FILE = UserInfo/Info.plist;
				LD_RUNPATH_SEARCH_PATHS = (
					"$(inherited)",
					"@executable_path/Frameworks",
				);
				PRODUCT_BUNDLE_IDENTIFIER = com.pin.UserInfo;
				PRODUCT_NAME = "$(TARGET_NAME)";
				SWIFT_VERSION = 5.0;
				TARGETED_DEVICE_FAMILY = "1,2";
			};
			name = Release;
		};
/* End XCBuildConfiguration section */

/* Begin XCConfigurationList section */
		82EF8C03251AE85000C86AE5 /* Build configuration list for PBXProject "UserInfo" */ = {
			isa = XCConfigurationList;
			buildConfigurations = (
				82EF8C1A251AE85300C86AE5 /* Debug */,
				82EF8C1B251AE85300C86AE5 /* Release */,
			);
			defaultConfigurationIsVisible = 0;
			defaultConfigurationName = Release;
		};
		82EF8C1C251AE85300C86AE5 /* Build configuration list for PBXNativeTarget "UserInfo" */ = {
			isa = XCConfigurationList;
			buildConfigurations = (
				82EF8C1D251AE85300C86AE5 /* Debug */,
				82EF8C1E251AE85300C86AE5 /* Release */,
			);
			defaultConfigurationIsVisible = 0;
			defaultConfigurationName = Release;
		};
/* End XCConfigurationList section */
	};
	rootObject = 82EF8C00251AE85000C86AE5 /* Project object */;
}
